
Microsoft Visual Studio Solution File, Format Version 12.00
# Visual Studio Version 17
VisualStudioVersion = 17.4.33213.308
MinimumVisualStudioVersion = 10.0.40219.1
Project("{FAE04EC0-301F-11D3-BF4B-00C04F79EFBC}") = "AdeolaConsoleApp", "AdeolaConsoleApp.csproj", "{4A73EC5B-EBEA-4576-B4A5-FE340552CAB2}"
EndProject
Global
	GlobalSection(SolutionConfigurationPlatforms) = preSolution
		Debug|Any CPU = Debug|Any CPU
		Release|Any CPU = Release|Any CPU
	EndGlobalSection
	GlobalSection(ProjectConfigurationPlatforms) = postSolution
		{4A73EC5B-EBEA-4576-B4A5-FE340552CAB2}.Debug|Any CPU.ActiveCfg = Debug|Any CPU
		{4A73EC5B-EBEA-4576-B4A5-FE340552CAB2}.Debug|Any CPU.Build.0 = Debug|Any CPU
		{4A73EC5B-EBEA-4576-B4A5-FE340552CAB2}.Release|Any CPU.ActiveCfg = Release|Any CPU
		{4A73EC5B-EBEA-4576-B4A5-FE340552CAB2}.Release|Any CPU.Build.0 = Release|Any CPU
	EndGlobalSection
	GlobalSection(SolutionProperties) = preSolution
		HideSolutionNode = FALSE
	EndGlobalSection
	GlobalSection(ExtensibilityGlobals) = postSolution
		SolutionGuid = {684D5BC2-CB31-4DD0-9AEE-BBB0147B174B}
	EndGlobalSection
EndGlobal
